Microsoft Visual Studio Solution File, Format Version 11.00
# Visual Studio 2008

Project("{3D007F3F-4D8E-C2C7-B23B-8DFB5A9C9739}") = "PocketDancer2", "Assembly-CSharp.csproj", "{D207F41D-4E36-9CD2-0354-9AE4F337B6F7}"
EndProject
Global
	GlobalSection(SolutionConfigurationPlatforms) = preSolution
		Debug|Any CPU = Debug|Any CPU
		Release|Any CPU = Release|Any CPU
	EndGlobalSection
	GlobalSection(ProjectConfigurationPlatforms) = postSolution
		{D207F41D-4E36-9CD2-0354-9AE4F337B6F7}.Debug|Any CPU.ActiveCfg = Debug|Any CPU
		{D207F41D-4E36-9CD2-0354-9AE4F337B6F7}.Debug|Any CPU.Build.0 = Debug|Any CPU
		{D207F41D-4E36-9CD2-0354-9AE4F337B6F7}.Release|Any CPU.ActiveCfg = Release|Any CPU
		{D207F41D-4E36-9CD2-0354-9AE4F337B6F7}.Release|Any CPU.Build.0 = Release|Any CPU
	EndGlobalSection
	GlobalSection(SolutionProperties) = preSolution
		HideSolutionNode = FALSE
	EndGlobalSection
	GlobalSection(MonoDevelopProperties) = preSolution
		StartupItem = Assembly-CSharp.csproj
	EndGlobalSection
EndGlobal
