Microsoft Visual Studio Solution File, Format Version 11.00
# Visual Studio 2008

Project("{0B259705-B755-C4CB-D672-E6663AE31905}") = "Version Control", "Assembly-CSharp.csproj", "{5023C123-049C-357D-27FD-02F98DCCCC1E}"
EndProject
Global
	GlobalSection(SolutionConfigurationPlatforms) = preSolution
		Debug|Any CPU = Debug|Any CPU
		Release|Any CPU = Release|Any CPU
	EndGlobalSection
	GlobalSection(ProjectConfigurationPlatforms) = postSolution
		{5023C123-049C-357D-27FD-02F98DCCCC1E}.Debug|Any CPU.ActiveCfg = Debug|Any CPU
		{5023C123-049C-357D-27FD-02F98DCCCC1E}.Debug|Any CPU.Build.0 = Debug|Any CPU
		{5023C123-049C-357D-27FD-02F98DCCCC1E}.Release|Any CPU.ActiveCfg = Release|Any CPU
		{5023C123-049C-357D-27FD-02F98DCCCC1E}.Release|Any CPU.Build.0 = Release|Any CPU
	EndGlobalSection
	GlobalSection(SolutionProperties) = preSolution
		HideSolutionNode = FALSE
	EndGlobalSection
	GlobalSection(MonoDevelopProperties) = preSolution
		StartupItem = Assembly-CSharp.csproj
	EndGlobalSection
EndGlobal
